
Microsoft Visual Studio Solution File, Format Version 12.00
# Visual Studio Version 17
VisualStudioVersion = 17.14.36518.9 d17.14
MinimumVisualStudioVersion = 10.0.40219.1
Project("{2150E333-8FDC-42A3-9474-1A3956D46DE8}") = "Solution Items", "Solution Items", "{84BB37E9-CE27-48E0-88F6-A741A46D5883}"
	ProjectSection(SolutionItems) = preProject
		ExcelPackage.vsmdi = ExcelPackage.vsmdi
		LocalTestRun.testrunconfig = LocalTestRun.testrunconfig
	EndProjectSection
EndProject
Project("{FAE04EC0-301F-11D3-BF4B-00C04F79EFBC}") = "EPPlusTest", "EPPlusTest\EPPlusTest.csproj", "{E7BCEDE0-EADD-437B-86D5-49D192216948}"
EndProject
Project("{FAE04EC0-301F-11D3-BF4B-00C04F79EFBC}") = "EPPlusE2ETest", "EPPlusE2ETest\EPPlusE2ETest.csproj", "{6C4F71A0-8E0A-4E19-9C5E-9A1C9B4D44E2}"
EndProject
Project("{FAE04EC0-301F-11D3-BF4B-00C04F79EFBC}") = "EPPlus", "EPPlus\EPPlus.csproj", "{BE4A6343-F411-44A3-8D6F-F40747ED7BA5}"
EndProject
Global
	GlobalSection(SolutionConfigurationPlatforms) = preSolution
		Debug|Any CPU = Debug|Any CPU
		Debug|x86 = Debug|x86
		Release|Any CPU = Release|Any CPU
		Release|x86 = Release|x86
	EndGlobalSection
	GlobalSection(ProjectConfigurationPlatforms) = postSolution
		{E7BCEDE0-EADD-437B-86D5-49D192216948}.Debug|Any CPU.ActiveCfg = Debug|Any CPU
		{E7BCEDE0-EADD-437B-86D5-49D192216948}.Debug|Any CPU.Build.0 = Debug|Any CPU
		{E7BCEDE0-EADD-437B-86D5-49D192216948}.Debug|x86.ActiveCfg = Debug|Any CPU
		{E7BCEDE0-EADD-437B-86D5-49D192216948}.Debug|x86.Build.0 = Debug|Any CPU
		{E7BCEDE0-EADD-437B-86D5-49D192216948}.Release|Any CPU.ActiveCfg = Release|Any CPU
		{E7BCEDE0-EADD-437B-86D5-49D192216948}.Release|Any CPU.Build.0 = Release|Any CPU
		{E7BCEDE0-EADD-437B-86D5-49D192216948}.Release|x86.ActiveCfg = Release|Any CPU
		{E7BCEDE0-EADD-437B-86D5-49D192216948}.Release|x86.Build.0 = Release|Any CPU
		{6C4F71A0-8E0A-4E19-9C5E-9A1C9B4D44E2}.Debug|Any CPU.ActiveCfg = Debug|Any CPU
		{6C4F71A0-8E0A-4E19-9C5E-9A1C9B4D44E2}.Debug|Any CPU.Build.0 = Debug|Any CPU
		{6C4F71A0-8E0A-4E19-9C5E-9A1C9B4D44E2}.Debug|x86.ActiveCfg = Debug|Any CPU
		{6C4F71A0-8E0A-4E19-9C5E-9A1C9B4D44E2}.Debug|x86.Build.0 = Debug|Any CPU
		{6C4F71A0-8E0A-4E19-9C5E-9A1C9B4D44E2}.Release|Any CPU.ActiveCfg = Release|Any CPU
		{6C4F71A0-8E0A-4E19-9C5E-9A1C9B4D44E2}.Release|Any CPU.Build.0 = Release|Any CPU
		{6C4F71A0-8E0A-4E19-9C5E-9A1C9B4D44E2}.Release|x86.ActiveCfg = Release|Any CPU
		{6C4F71A0-8E0A-4E19-9C5E-9A1C9B4D44E2}.Release|x86.Build.0 = Release|Any CPU
		{BE4A6343-F411-44A3-8D6F-F40747ED7BA5}.Debug|Any CPU.ActiveCfg = Debug|Any CPU
		{BE4A6343-F411-44A3-8D6F-F40747ED7BA5}.Debug|Any CPU.Build.0 = Debug|Any CPU
		{BE4A6343-F411-44A3-8D6F-F40747ED7BA5}.Debug|x86.ActiveCfg = Debug|Any CPU
		{BE4A6343-F411-44A3-8D6F-F40747ED7BA5}.Debug|x86.Build.0 = Debug|Any CPU
		{BE4A6343-F411-44A3-8D6F-F40747ED7BA5}.Release|Any CPU.ActiveCfg = Release|Any CPU
		{BE4A6343-F411-44A3-8D6F-F40747ED7BA5}.Release|Any CPU.Build.0 = Release|Any CPU
		{BE4A6343-F411-44A3-8D6F-F40747ED7BA5}.Release|x86.ActiveCfg = Release|Any CPU
		{BE4A6343-F411-44A3-8D6F-F40747ED7BA5}.Release|x86.Build.0 = Release|Any CPU
	EndGlobalSection
	GlobalSection(SolutionProperties) = preSolution
		HideSolutionNode = FALSE
	EndGlobalSection
	GlobalSection(ExtensibilityGlobals) = postSolution
		VisualSVNWorkingCopyRoot = .
	EndGlobalSection
	GlobalSection(TestCaseManagementSettings) = postSolution
		CategoryFile = ExcelPackage.vsmdi
	EndGlobalSection
EndGlobal
