
Microsoft Visual Studio Solution File, Format Version 12.00
# Visual Studio Version 17
VisualStudioVersion = 17.0.31903.59
MinimumVisualStudioVersion = 10.0.40219.1
Project("{9A19103F-16F7-4668-BE54-9A1E7A4F7556}") = "EPPlus", "EPPlus\EPPlus.Core.csproj", "{BE4A6343-F411-44A3-8D6F-F40747ED7BA5}"
EndProject
Project("{9A19103F-16F7-4668-BE54-9A1E7A4F7556}") = "EPPlusTest.Core", "EPPlusTest\EPPlusTest.Core.csproj", "{78F198E4-B502-425D-BCC7-BF7F93B1EED9}"
EndProject
Project("{9A19103F-16F7-4668-BE54-9A1E7A4F7556}") = "EPPlusE2ETest", "EPPlusE2ETest\EPPlusE2ETest.csproj", "{6C4F71A0-8E0A-4E19-9C5E-9A1C9B4D44E2}"
EndProject
Global
	GlobalSection(SolutionConfigurationPlatforms) = preSolution
		Debug|Any CPU = Debug|Any CPU
		Release|Any CPU = Release|Any CPU
	EndGlobalSection
	GlobalSection(ProjectConfigurationPlatforms) = postSolution
		{BE4A6343-F411-44A3-8D6F-F40747ED7BA5}.Debug|Any CPU.ActiveCfg = Debug|Any CPU
		{BE4A6343-F411-44A3-8D6F-F40747ED7BA5}.Debug|Any CPU.Build.0 = Debug|Any CPU
		{BE4A6343-F411-44A3-8D6F-F40747ED7BA5}.Release|Any CPU.ActiveCfg = Release|Any CPU
		{BE4A6343-F411-44A3-8D6F-F40747ED7BA5}.Release|Any CPU.Build.0 = Release|Any CPU
		{78F198E4-B502-425D-BCC7-BF7F93B1EED9}.Debug|Any CPU.ActiveCfg = Debug|Any CPU
		{78F198E4-B502-425D-BCC7-BF7F93B1EED9}.Debug|Any CPU.Build.0 = Debug|Any CPU
		{78F198E4-B502-425D-BCC7-BF7F93B1EED9}.Release|Any CPU.ActiveCfg = Release|Any CPU
		{78F198E4-B502-425D-BCC7-BF7F93B1EED9}.Release|Any CPU.Build.0 = Release|Any CPU
		{6C4F71A0-8E0A-4E19-9C5E-9A1C9B4D44E2}.Debug|Any CPU.ActiveCfg = Debug|Any CPU
		{6C4F71A0-8E0A-4E19-9C5E-9A1C9B4D44E2}.Debug|Any CPU.Build.0 = Debug|Any CPU
		{6C4F71A0-8E0A-4E19-9C5E-9A1C9B4D44E2}.Release|Any CPU.ActiveCfg = Release|Any CPU
		{6C4F71A0-8E0A-4E19-9C5E-9A1C9B4D44E2}.Release|Any CPU.Build.0 = Release|Any CPU
	EndGlobalSection
	GlobalSection(SolutionProperties) = preSolution
		HideSolutionNode = FALSE
	EndGlobalSection
	GlobalSection(ExtensibilityGlobals) = postSolution
		SolutionGuid = {C2A5F8E3-4A53-4D7D-9C5C-AC2BBD53E3E6}
	EndGlobalSection
EndGlobal
